
Microsoft Visual Studio Solution File, Format Version 12.00
# Visual Studio 15
VisualStudioVersion = 15.0.27703.2026
MinimumVisualStudioVersion = 10.0.40219.1
Project("{9A19103F-16F7-4668-BE54-9A1E7A4F7556}") = "FusionFramework", "FusionFramework\FusionFramework.csproj", "{ECC6A8F6-58E4-4C96-9FF8-E32DE236322D}"
EndProject
Project("{FAE04EC0-301F-11D3-BF4B-00C04F79EFBC}") = "ContestManager", "ContestManager\ContestManager.csproj", "{6E77A270-56B9-4AFD-9C7B-30D255F24FAF}"
	ProjectSection(ProjectDependencies) = postProject
		{ECC6A8F6-58E4-4C96-9FF8-E32DE236322D} = {ECC6A8F6-58E4-4C96-9FF8-E32DE236322D}
	EndProjectSection
EndProject
Project("{FAE04EC0-301F-11D3-BF4B-00C04F79EFBC}") = "ARLEMDecipher", "..\ARLEMDecipher\ARLEMDecipher\ARLEMDecipher.csproj", "{ACA75398-7DFA-4EE4-ABA9-25EE0B15D87B}"
EndProject
Global
	GlobalSection(SolutionConfigurationPlatforms) = preSolution
		Debug|Any CPU = Debug|Any CPU
		Debug|ARM = Debug|ARM
		Debug|x64 = Debug|x64
		Debug|x86 = Debug|x86
		Release|Any CPU = Release|Any CPU
		Release|ARM = Release|ARM
		Release|x64 = Release|x64
		Release|x86 = Release|x86
	EndGlobalSection
	GlobalSection(ProjectConfigurationPlatforms) = postSolution
		{ECC6A8F6-58E4-4C96-9FF8-E32DE236322D}.Debug|Any CPU.ActiveCfg = Debug|Any CPU
		{ECC6A8F6-58E4-4C96-9FF8-E32DE236322D}.Debug|Any CPU.Build.0 = Debug|Any CPU
		{ECC6A8F6-58E4-4C96-9FF8-E32DE236322D}.Debug|ARM.ActiveCfg = Debug|Any CPU
		{ECC6A8F6-58E4-4C96-9FF8-E32DE236322D}.Debug|ARM.Build.0 = Debug|Any CPU
		{ECC6A8F6-58E4-4C96-9FF8-E32DE236322D}.Debug|x64.ActiveCfg = Debug|Any CPU
		{ECC6A8F6-58E4-4C96-9FF8-E32DE236322D}.Debug|x64.Build.0 = Debug|Any CPU
		{ECC6A8F6-58E4-4C96-9FF8-E32DE236322D}.Debug|x86.ActiveCfg = Debug|Any CPU
		{ECC6A8F6-58E4-4C96-9FF8-E32DE236322D}.Debug|x86.Build.0 = Debug|Any CPU
		{ECC6A8F6-58E4-4C96-9FF8-E32DE236322D}.Release|Any CPU.ActiveCfg = Release|Any CPU
		{ECC6A8F6-58E4-4C96-9FF8-E32DE236322D}.Release|Any CPU.Build.0 = Release|Any CPU
		{ECC6A8F6-58E4-4C96-9FF8-E32DE236322D}.Release|ARM.ActiveCfg = Release|Any CPU
		{ECC6A8F6-58E4-4C96-9FF8-E32DE236322D}.Release|ARM.Build.0 = Release|Any CPU
		{ECC6A8F6-58E4-4C96-9FF8-E32DE236322D}.Release|x64.ActiveCfg = Release|Any CPU
		{ECC6A8F6-58E4-4C96-9FF8-E32DE236322D}.Release|x64.Build.0 = Release|Any CPU
		{ECC6A8F6-58E4-4C96-9FF8-E32DE236322D}.Release|x86.ActiveCfg = Release|Any CPU
		{ECC6A8F6-58E4-4C96-9FF8-E32DE236322D}.Release|x86.Build.0 = Release|Any CPU
		{6E77A270-56B9-4AFD-9C7B-30D255F24FAF}.Debug|Any CPU.ActiveCfg = Debug|Any CPU
		{6E77A270-56B9-4AFD-9C7B-30D255F24FAF}.Debug|Any CPU.Build.0 = Debug|Any CPU
		{6E77A270-56B9-4AFD-9C7B-30D255F24FAF}.Debug|ARM.ActiveCfg = Debug|Any CPU
		{6E77A270-56B9-4AFD-9C7B-30D255F24FAF}.Debug|ARM.Build.0 = Debug|Any CPU
		{6E77A270-56B9-4AFD-9C7B-30D255F24FAF}.Debug|x64.ActiveCfg = Debug|Any CPU
		{6E77A270-56B9-4AFD-9C7B-30D255F24FAF}.Debug|x64.Build.0 = Debug|Any CPU
		{6E77A270-56B9-4AFD-9C7B-30D255F24FAF}.Debug|x86.ActiveCfg = Debug|Any CPU
		{6E77A270-56B9-4AFD-9C7B-30D255F24FAF}.Debug|x86.Build.0 = Debug|Any CPU
		{6E77A270-56B9-4AFD-9C7B-30D255F24FAF}.Release|Any CPU.ActiveCfg = Release|Any CPU
		{6E77A270-56B9-4AFD-9C7B-30D255F24FAF}.Release|Any CPU.Build.0 = Release|Any CPU
		{6E77A270-56B9-4AFD-9C7B-30D255F24FAF}.Release|ARM.ActiveCfg = Release|Any CPU
		{6E77A270-56B9-4AFD-9C7B-30D255F24FAF}.Release|ARM.Build.0 = Release|Any CPU
		{6E77A270-56B9-4AFD-9C7B-30D255F24FAF}.Release|x64.ActiveCfg = Release|Any CPU
		{6E77A270-56B9-4AFD-9C7B-30D255F24FAF}.Release|x64.Build.0 = Release|Any CPU
		{6E77A270-56B9-4AFD-9C7B-30D255F24FAF}.Release|x86.ActiveCfg = Release|Any CPU
		{6E77A270-56B9-4AFD-9C7B-30D255F24FAF}.Release|x86.Build.0 = Release|Any CPU
		{ACA75398-7DFA-4EE4-ABA9-25EE0B15D87B}.Debug|Any CPU.ActiveCfg = Debug|Any CPU
		{ACA75398-7DFA-4EE4-ABA9-25EE0B15D87B}.Debug|Any CPU.Build.0 = Debug|Any CPU
		{ACA75398-7DFA-4EE4-ABA9-25EE0B15D87B}.Debug|ARM.ActiveCfg = Debug|Any CPU
		{ACA75398-7DFA-4EE4-ABA9-25EE0B15D87B}.Debug|ARM.Build.0 = Debug|Any CPU
		{ACA75398-7DFA-4EE4-ABA9-25EE0B15D87B}.Debug|x64.ActiveCfg = Debug|Any CPU
		{ACA75398-7DFA-4EE4-ABA9-25EE0B15D87B}.Debug|x64.Build.0 = Debug|Any CPU
		{ACA75398-7DFA-4EE4-ABA9-25EE0B15D87B}.Debug|x86.ActiveCfg = Debug|Any CPU
		{ACA75398-7DFA-4EE4-ABA9-25EE0B15D87B}.Debug|x86.Build.0 = Debug|Any CPU
		{ACA75398-7DFA-4EE4-ABA9-25EE0B15D87B}.Release|Any CPU.ActiveCfg = Release|Any CPU
		{ACA75398-7DFA-4EE4-ABA9-25EE0B15D87B}.Release|Any CPU.Build.0 = Release|Any CPU
		{ACA75398-7DFA-4EE4-ABA9-25EE0B15D87B}.Release|ARM.ActiveCfg = Release|Any CPU
		{ACA75398-7DFA-4EE4-ABA9-25EE0B15D87B}.Release|ARM.Build.0 = Release|Any CPU
		{ACA75398-7DFA-4EE4-ABA9-25EE0B15D87B}.Release|x64.ActiveCfg = Release|Any CPU
		{ACA75398-7DFA-4EE4-ABA9-25EE0B15D87B}.Release|x64.Build.0 = Release|Any CPU
		{ACA75398-7DFA-4EE4-ABA9-25EE0B15D87B}.Release|x86.ActiveCfg = Release|Any CPU
		{ACA75398-7DFA-4EE4-ABA9-25EE0B15D87B}.Release|x86.Build.0 = Release|Any CPU
	EndGlobalSection
	GlobalSection(SolutionProperties) = preSolution
		HideSolutionNode = FALSE
	EndGlobalSection
	GlobalSection(ExtensibilityGlobals) = postSolution
		SolutionGuid = {7799ACA8-629B-4DBD-8B1C-FAC0AAFC9A21}
	EndGlobalSection
EndGlobal
